# THIS IS AN AUTOGENERATED FILE. DO NOT EDIT THIS FILE DIRECTLY.
# yarn lockfile v1


"@fortawesome/fontawesome-common-types@6.5.1":
  version "6.5.1"
  resolved "https://registry.yarnpkg.com/@fortawesome/fontawesome-common-types/-/fontawesome-common-types-6.5.1.tgz#fdb1ec4952b689f5f7aa0bffe46180bb35490032"
  integrity sha512-GkWzv+L6d2bI5f/Vk6ikJ9xtl7dfXtoRu3YGE6nq0p/FFqA1ebMOAWg3XgRyb0I6LYyYkiAo+3/KrwuBp8xG7A==

"@fortawesome/fontawesome-svg-core@^6.5.1":
  version "6.5.1"
  resolved "https://registry.yarnpkg.com/@fortawesome/fontawesome-svg-core/-/fontawesome-svg-core-6.5.1.tgz#9d56d46bddad78a7ebb2043a97957039fcebcf0a"
  integrity sha512-MfRCYlQPXoLlpem+egxjfkEuP9UQswTrlCOsknus/NcMoblTH2g0jPrapbcIb04KGA7E2GZxbAccGZfWoYgsrQ==
  dependencies:
    "@fortawesome/fontawesome-common-types" "6.5.1"
